# THIS IS AN AUTOGENERATED FILE. DO NOT EDIT THIS FILE DIRECTLY.
# yarn lockfile v1


"@types/cookie@^0.6.0":
  version "0.6.0"
  resolved "https://registry.yarnpkg.com/@types/cookie/-/cookie-0.6.0.tgz#eac397f28bf1d6ae0ae081363eca2f425bedf0d5"
  integrity sha512-4Kh9a6B2bQciAhf7FSuMRRkUWecJgJu9nPnx3yzpsfXX/c50REIqpHY4C82bXP90qrLtXtkDxTZosYO3UpOwlA==

cookie@^1.0.1:
  version "1.0.2"
  resolved "https://registry.yarnpkg.com/cookie/-/cookie-1.0.2.tgz#27360701532116bd3f1f9416929d176afe1e4610"
  integrity sha512-9Kr/j4O16ISv8zBBhJoi4bXOYNTkFLOqSL3UDB0njXxCXNezjeyVrJyGOWtgfs/q2km1gwBcfH8q1yEGoMYunA==

react-router-dom@^7.0.1:
  version "7.0.1"
  resolved "https://registry.yarnpkg.com/react-router-dom/-/react-router-dom-7.0.1.tgz#b1438100800313e1b4c48da0c5fdb498f81c7f96"
  integrity sha512-duBzwAAiIabhFPZfDjcYpJ+f08TMbPMETgq254GWne2NW1ZwRHhZLj7tpSp8KGb7JvZzlLcjGUnqLxpZQVEPng==
  dependencies:
    react-router "7.0.1"

react-router@7.0.1:
  version "7.0.1"
  resolved "https://registry.yarnpkg.com/react-router/-/react-router-7.0.1.tgz#a171e35a5c6463f76b23353c4ce57b53c8b7b1b9"
  integrity sha512-WVAhv9oWCNsja5AkK6KLpXJDSJCQizOIyOd4vvB/+eHGbYx5vkhcmcmwWjQ9yqkRClogi+xjEg9fNEOd5EX/tw==
  dependencies:
    "@types/cookie" "^0.6.0"
    cookie "^1.0.1"
    set-cookie-parser "^2.6.0"
    turbo-stream "2.4.0"

set-cookie-parser@^2.6.0:
  version "2.7.1"
  resolved "https://registry.yarnpkg.com/set-cookie-parser/-/set-cookie-parser-2.7.1.tgz#3016f150072202dfbe90fadee053573cc89d2943"
  integrity sha512-IOc8uWeOZgnb3ptbCURJWNjWUPcO3ZnTTdzsurqERrP6nPyv+paC55vJM0LpOlT2ne+Ix+9+CRG1MNLlyZ4GjQ==

turbo-stream@2.4.0:
  version "2.4.0"
  resolved "https://registry.yarnpkg.com/turbo-stream/-/turbo-stream-2.4.0.tgz#1e4fca6725e90fa14ac4adb782f2d3759a5695f0"
  integrity sha512-FHncC10WpBd2eOmGwpmQsWLDoK4cqsA/UT/GqNoaKOQnT8uzhtCbg3EoUDMvqpOSAI0S26mr0rkjzbOO6S3v1g==
